// !$*UTF8*$!
{
	archiveVersion = 1;
	classes = {
	};
	objectVersion = 50;
	objects = {

/* Begin PBXBuildFile section */
		165A8F47970C1931D37D03C0 /* Pods_DigicelLoginPluginExample.framework in Frameworks */ = {isa = PBXBuildFile; fileRef = 577EA78D10060C0D35107AC4 /* Pods_DigicelLoginPluginExample.framework */; };
		4D56229A22DB3DBE00CF8B7B /* AppDelegate.swift in Sources */ = {isa = PBXBuildFile; fileRef = 4D56229922DB3DBE00CF8B7B /* AppDelegate.swift */; };
		4D56229C22DB3DBE00CF8B7B /* ViewController.swift in Sources */ = {isa = PBXBuildFile; fileRef = 4D56229B22DB3DBE00CF8B7B /* ViewController.swift */; };
		4D56229F22DB3DBE00CF8B7B /* Main.storyboard in Resources */ = {isa = PBXBuildFile; fileRef = 4D56229D22DB3DBE00CF8B7B /* Main.storyboard */; };
		4D5622A122DB3DBF00CF8B7B /* Assets.xcassets in Resources */ = {isa = PBXBuildFile; fileRef = 4D5622A022DB3DBF00CF8B7B /* Assets.xcassets */; };
		4D5622A422DB3DBF00CF8B7B /* LaunchScreen.storyboard in Resources */ = {isa = PBXBuildFile; fileRef = 4D5622A222DB3DBF00CF8B7B /* LaunchScreen.storyboard */; };
/* End PBXBuildFile section */

/* Begin PBXFileReference section */
		4D56229622DB3DBE00CF8B7B /* DigicelLoginPluginExample.app */ = {isa = PBXFileReference; explicitFileType = wrapper.application; includeInIndex = 0; path = DigicelLoginPluginExample.app; sourceTree = BUILT_PRODUCTS_DIR; };
		4D56229922DB3DBE00CF8B7B /* AppDelegate.swift */ = {isa = PBXFileReference; lastKnownFileType = sourcecode.swift; path = AppDelegate.swift; sourceTree = "<group>"; };
		4D56229B22DB3DBE00CF8B7B /* ViewController.swift */ = {isa = PBXFileReference; lastKnownFileType = sourcecode.swift; path = ViewController.swift; sourceTree = "<group>"; };
		4D56229E22DB3DBE00CF8B7B /* Base */ = {isa = PBXFileReference; lastKnownFileType = file.storyboard; name = Base; path = Base.lproj/Main.storyboard; sourceTree = "<group>"; };
		4D5622A022DB3DBF00CF8B7B /* Assets.xcassets */ = {isa = PBXFileReference; lastKnownFileType = folder.assetcatalog; path = Assets.xcassets; sourceTree = "<group>"; };
		4D5622A322DB3DBF00CF8B7B /* Base */ = {isa = PBXFileReference; lastKnownFileType = file.storyboard; name = Base; path = Base.lproj/LaunchScreen.storyboard; sourceTree = "<group>"; };
		4D5622A522DB3DBF00CF8B7B /* Info.plist */ = {isa = PBXFileReference; lastKnownFileType = text.plist.xml; path = Info.plist; sourceTree = "<group>"; };
		577EA78D10060C0D35107AC4 /* Pods_DigicelLoginPluginExample.framework */ = {isa = PBXFileReference; explicitFileType = wrapper.framework; includeInIndex = 0; path = Pods_DigicelLoginPluginExample.framework; sourceTree = BUILT_PRODUCTS_DIR; };
		9F9D80E4EFE6062B4F0A8782 /* Pods-DigicelLoginPluginExample.release.xcconfig */ = {isa = PBXFileReference; includeInIndex = 1; lastKnownFileType = text.xcconfig; name = "Pods-DigicelLoginPluginExample.release.xcconfig"; path = "Pods/Target Support Files/Pods-DigicelLoginPluginExample/Pods-DigicelLoginPluginExample.release.xcconfig"; sourceTree = "<group>"; };
		FF71D313F30CBF26FB3BD185 /* Pods-DigicelLoginPluginExample.debug.xcconfig */ = {isa = PBXFileReference; includeInIndex = 1; lastKnownFileType = text.xcconfig; name = "Pods-DigicelLoginPluginExample.debug.xcconfig"; path = "Pods/Target Support Files/Pods-DigicelLoginPluginExample/Pods-DigicelLoginPluginExample.debug.xcconfig"; sourceTree = "<group>"; };
/* End PBXFileReference section */

/* Begin PBXFrameworksBuildPhase section */
		4D56229322DB3DBE00CF8B7B /* Frameworks */ = {
			isa = PBXFrameworksBuildPhase;
			buildActionMask = 2147483647;
			files = (
				165A8F47970C1931D37D03C0 /* Pods_DigicelLoginPluginExample.framework in Frameworks */,
			);
			runOnlyForDeploymentPostprocessing = 0;
		};
/* End PBXFrameworksBuildPhase section */

/* Begin PBXGroup section */
		49B82C3F4BC7BE635DD5C6E9 /* Pods */ = {
			isa = PBXGroup;
			children = (
				FF71D313F30CBF26FB3BD185 /* Pods-DigicelLoginPluginExample.debug.xcconfig */,
				9F9D80E4EFE6062B4F0A8782 /* Pods-DigicelLoginPluginExample.release.xcconfig */,
			);
			name = Pods;
			sourceTree = "<group>";
		};
		4D56228D22DB3DBE00CF8B7B = {
			isa = PBXGroup;
			children = (
				4D56229822DB3DBE00CF8B7B /* DigicelLoginPluginExample */,
				4D56229722DB3DBE00CF8B7B /* Products */,
				49B82C3F4BC7BE635DD5C6E9 /* Pods */,
				61E103CB62709E61E2994CD0 /* Frameworks */,
			);
			sourceTree = "<group>";
		};
		4D56229722DB3DBE00CF8B7B /* Products */ = {
			isa = PBXGroup;
			children = (
				4D56229622DB3DBE00CF8B7B /* DigicelLoginPluginExample.app */,
			);
			name = Products;
			sourceTree = "<group>";
		};
		4D56229822DB3DBE00CF8B7B /* DigicelLoginPluginExample */ = {
			isa = PBXGroup;
			children = (
				4D56229922DB3DBE00CF8B7B /* AppDelegate.swift */,
				4D56229B22DB3DBE00CF8B7B /* ViewController.swift */,
				4D56229D22DB3DBE00CF8B7B /* Main.storyboard */,
				4D5622A022DB3DBF00CF8B7B /* Assets.xcassets */,
				4D5622A222DB3DBF00CF8B7B /* LaunchScreen.storyboard */,
				4D5622A522DB3DBF00CF8B7B /* Info.plist */,
			);
			path = DigicelLoginPluginExample;
			sourceTree = "<group>";
		};
		61E103CB62709E61E2994CD0 /* Frameworks */ = {
			isa = PBXGroup;
			children = (
				577EA78D10060C0D35107AC4 /* Pods_DigicelLoginPluginExample.framework */,
			);
			name = Frameworks;
			sourceTree = "<group>";
		};
/* End PBXGroup section */

/* Begin PBXNativeTarget section */
		4D56229522DB3DBE00CF8B7B /* DigicelLoginPluginExample */ = {
			isa = PBXNativeTarget;
			buildConfigurationList = 4D5622A822DB3DBF00CF8B7B /* Build configuration list for PBXNativeTarget "DigicelLoginPluginExample" */;
			buildPhases = (
				8238DB843CD8C77C5AFB75FE /* [CP] Check Pods Manifest.lock */,
				4D56229222DB3DBE00CF8B7B /* Sources */,
				4D56229322DB3DBE00CF8B7B /* Frameworks */,
				4D56229422DB3DBE00CF8B7B /* Resources */,
				7A8ED96F862B998D99BF51F4 /* [CP] Embed Pods Frameworks */,
				5549E629D6C2257121A930CB /* [CP] Copy Pods Resources */,
			);
			buildRules = (
			);
			dependencies = (
			);
			name = DigicelLoginPluginExample;
			productName = DigicelLoginPluginExample;
			productReference = 4D56229622DB3DBE00CF8B7B /* DigicelLoginPluginExample.app */;
			productType = "com.apple.product-type.application";
		};
/* End PBXNativeTarget section */

/* Begin PBXProject section */
		4D56228E22DB3DBE00CF8B7B /* Project object */ = {
			isa = PBXProject;
			attributes = {
				LastSwiftUpdateCheck = 1000;
				LastUpgradeCheck = 1000;
				ORGANIZATIONNAME = Applicaster;
				TargetAttributes = {
					4D56229522DB3DBE00CF8B7B = {
						CreatedOnToolsVersion = 10.0;
					};
				};
			};
			buildConfigurationList = 4D56229122DB3DBE00CF8B7B /* Build configuration list for PBXProject "DigicelLoginPluginExample" */;
			compatibilityVersion = "Xcode 9.3";
			developmentRegion = en;
			hasScannedForEncodings = 0;
			knownRegions = (
				en,
				Base,
			);
			mainGroup = 4D56228D22DB3DBE00CF8B7B;
			productRefGroup = 4D56229722DB3DBE00CF8B7B /* Products */;
			projectDirPath = "";
			projectRoot = "";
			targets = (
				4D56229522DB3DBE00CF8B7B /* DigicelLoginPluginExample */,
			);
		};
/* End PBXProject section */

/* Begin PBXResourcesBuildPhase section */
		4D56229422DB3DBE00CF8B7B /* Resources */ = {
			isa = PBXResourcesBuildPhase;
			buildActionMask = 2147483647;
			files = (
				4D5622A422DB3DBF00CF8B7B /* LaunchScreen.storyboard in Resources */,
				4D5622A122DB3DBF00CF8B7B /* Assets.xcassets in Resources */,
				4D56229F22DB3DBE00CF8B7B /* Main.storyboard in Resources */,
			);
			runOnlyForDeploymentPostprocessing = 0;
		};
/* End PBXResourcesBuildPhase section */

/* Begin PBXShellScriptBuildPhase section */
		5549E629D6C2257121A930CB /* [CP] Copy Pods Resources */ = {
			isa = PBXShellScriptBuildPhase;
			buildActionMask = 2147483647;
			files = (
			);
			inputFileListPaths = (
				"${PODS_ROOT}/Target Support Files/Pods-DigicelLoginPluginExample/Pods-DigicelLoginPluginExample-resources-${CONFIGURATION}-input-files.xcfilelist",
			);
			name = "[CP] Copy Pods Resources";
			outputFileListPaths = (
				"${PODS_ROOT}/Target Support Files/Pods-DigicelLoginPluginExample/Pods-DigicelLoginPluginExample-resources-${CONFIGURATION}-output-files.xcfilelist",
			);
			runOnlyForDeploymentPostprocessing = 0;
			shellPath = /bin/sh;
			shellScript = "\"${PODS_ROOT}/Target Support Files/Pods-DigicelLoginPluginExample/Pods-DigicelLoginPluginExample-resources.sh\"\n";
			showEnvVarsInLog = 0;
		};
		7A8ED96F862B998D99BF51F4 /* [CP] Embed Pods Frameworks */ = {
			isa = PBXShellScriptBuildPhase;
			buildActionMask = 2147483647;
			files = (
			);
			inputFileListPaths = (
				"${PODS_ROOT}/Target Support Files/Pods-DigicelLoginPluginExample/Pods-DigicelLoginPluginExample-frameworks-${CONFIGURATION}-input-files.xcfilelist",
			);
			name = "[CP] Embed Pods Frameworks";
			outputFileListPaths = (
				"${PODS_ROOT}/Target Support Files/Pods-DigicelLoginPluginExample/Pods-DigicelLoginPluginExample-frameworks-${CONFIGURATION}-output-files.xcfilelist",
			);
			runOnlyForDeploymentPostprocessing = 0;
			shellPath = /bin/sh;
			shellScript = "\"${PODS_ROOT}/Target Support Files/Pods-DigicelLoginPluginExample/Pods-DigicelLoginPluginExample-frameworks.sh\"\n";
			showEnvVarsInLog = 0;
		};
		8238DB843CD8C77C5AFB75FE /* [CP] Check Pods Manifest.lock */ = {
			isa = PBXShellScriptBuildPhase;
			buildActionMask = 2147483647;
			files = (
			);
			inputFileListPaths = (
			);
			inputPaths = (
				"${PODS_PODFILE_DIR_PATH}/Podfile.lock",
				"${PODS_ROOT}/Manifest.lock",
			);
			name = "[CP] Check Pods Manifest.lock";
			outputFileListPaths = (
			);
			outputPaths = (
				"$(DERIVED_FILE_DIR)/Pods-DigicelLoginPluginExample-checkManifestLockResult.txt",
			);
			runOnlyForDeploymentPostprocessing = 0;
			shellPath = /bin/sh;
			shellScript = "diff \"${PODS_PODFILE_DIR_PATH}/Podfile.lock\" \"${PODS_ROOT}/Manifest.lock\" > /dev/null\nif [ $? != 0 ] ; then\n    # print error to STDERR\n    echo \"error: The sandbox is not in sync with the Podfile.lock. Run 'pod install' or update your CocoaPods installation.\" >&2\n    exit 1\nfi\n# This output is used by Xcode 'outputs' to avoid re-running this script phase.\necho \"SUCCESS\" > \"${SCRIPT_OUTPUT_FILE_0}\"\n";
			showEnvVarsInLog = 0;
		};
/* End PBXShellScriptBuildPhase section */

/* Begin PBXSourcesBuildPhase section */
		4D56229222DB3DBE00CF8B7B /* Sources */ = {
			isa = PBXSourcesBuildPhase;
			buildActionMask = 2147483647;
			files = (
				4D56229C22DB3DBE00CF8B7B /* ViewController.swift in Sources */,
				4D56229A22DB3DBE00CF8B7B /* AppDelegate.swift in Sources */,
			);
			runOnlyForDeploymentPostprocessing = 0;
		};
/* End PBXSourcesBuildPhase section */

/* Begin PBXVariantGroup section */
		4D56229D22DB3DBE00CF8B7B /* Main.storyboard */ = {
			isa = PBXVariantGroup;
			children = (
				4D56229E22DB3DBE00CF8B7B /* Base */,
			);
			name = Main.storyboard;
			sourceTree = "<group>";
		};
		4D5622A222DB3DBF00CF8B7B /* LaunchScreen.storyboard */ = {
			isa = PBXVariantGroup;
			children = (
				4D5622A322DB3DBF00CF8B7B /* Base */,
			);
			name = LaunchScreen.storyboard;
			sourceTree = "<group>";
		};
/* End PBXVariantGroup section */

/* Begin XCBuildConfiguration section */
		4D5622A622DB3DBF00CF8B7B /* Debug */ = {
			isa = XCBuildConfiguration;
			buildSettings = {
				ALWAYS_SEARCH_USER_PATHS = NO;
				CLANG_ANALYZER_NONNULL = YES;
				CLANG_ANALYZER_NUMBER_OBJECT_CONVERSION = YES_AGGRESSIVE;
				CLANG_CXX_LANGUAGE_STANDARD = "gnu++14";
				CLANG_CXX_LIBRARY = "libc++";
				CLANG_ENABLE_MODULES = YES;
				CLANG_ENABLE_OBJC_ARC = YES;
				CLANG_ENABLE_OBJC_WEAK = YES;
				CLANG_WARN_BLOCK_CAPTURE_AUTORELEASING = YES;
				CLANG_WARN_BOOL_CONVERSION = YES;
				CLANG_WARN_COMMA = YES;
				CLANG_WARN_CONSTANT_CONVERSION = YES;
				CLANG_WARN_DEPRECATED_OBJC_IMPLEMENTATIONS = YES;
				CLANG_WARN_DIRECT_OBJC_ISA_USAGE = YES_ERROR;
				CLANG_WARN_DOCUMENTATION_COMMENTS = YES;
				CLANG_WARN_EMPTY_BODY = YES;
				CLANG_WARN_ENUM_CONVERSION = YES;
				CLANG_WARN_INFINITE_RECURSION = YES;
				CLANG_WARN_INT_CONVERSION = YES;
				CLANG_WARN_NON_LITERAL_NULL_CONVERSION = YES;
				CLANG_WARN_OBJC_IMPLICIT_RETAIN_SELF = YES;
				CLANG_WARN_OBJC_LITERAL_CONVERSION = YES;
				CLANG_WARN_OBJC_ROOT_CLASS = YES_ERROR;
				CLANG_WARN_RANGE_LOOP_ANALYSIS = YES;
				CLANG_WARN_STRICT_PROTOTYPES = YES;
				CLANG_WARN_SUSPICIOUS_MOVE = YES;
				CLANG_WARN_UNGUARDED_AVAILABILITY = YES_AGGRESSIVE;
				CLANG_WARN_UNREACHABLE_CODE = YES;
				CLANG_WARN__DUPLICATE_METHOD_MATCH = YES;
				CODE_SIGN_IDENTITY = "iPhone Developer";
				COPY_PHASE_STRIP = NO;
				DEBUG_INFORMATION_FORMAT = dwarf;
				ENABLE_STRICT_OBJC_MSGSEND = YES;
				ENABLE_TESTABILITY = YES;
				GCC_C_LANGUAGE_STANDARD = gnu11;
				GCC_DYNAMIC_NO_PIC = NO;
				GCC_NO_COMMON_BLOCKS = YES;
				GCC_OPTIMIZATION_LEVEL = 0;
				GCC_PREPROCESSOR_DEFINITIONS = (
					"DEBUG=1",
					"$(inherited)",
				);
				GCC_WARN_64_TO_32_BIT_CONVERSION = YES;
				GCC_WARN_ABOUT_RETURN_TYPE = YES_ERROR;
				GCC_WARN_UNDECLARED_SELECTOR = YES;
				GCC_WARN_UNINITIALIZED_AUTOS = YES_AGGRESSIVE;
				GCC_WARN_UNUSED_FUNCTION = YES;
				GCC_WARN_UNUSED_VARIABLE = YES;
				IPHONEOS_DEPLOYMENT_TARGET = 12.0;
				MTL_ENABLE_DEBUG_INFO = INCLUDE_SOURCE;
				MTL_FAST_MATH = YES;
				ONLY_ACTIVE_ARCH = YES;
				SDKROOT = iphoneos;
				SWIFT_ACTIVE_COMPILATION_CONDITIONS = DEBUG;
				SWIFT_OPTIMIZATION_LEVEL = "-Onone";
			};
			name = Debug;
		};
		4D5622A722DB3DBF00CF8B7B /* Release */ = {
			isa = XCBuildConfiguration;
			buildSettings = {
				ALWAYS_SEARCH_USER_PATHS = NO;
				CLANG_ANALYZER_NONNULL = YES;
				CLANG_ANALYZER_NUMBER_OBJECT_CONVERSION = YES_AGGRESSIVE;
				CLANG_CXX_LANGUAGE_STANDARD = "gnu++14";
				CLANG_CXX_LIBRARY = "libc++";
				CLANG_ENABLE_MODULES = YES;
				CLANG_ENABLE_OBJC_ARC = YES;
				CLANG_ENABLE_OBJC_WEAK = YES;
				CLANG_WARN_BLOCK_CAPTURE_AUTORELEASING = YES;
				CLANG_WARN_BOOL_CONVERSION = YES;
				CLANG_WARN_COMMA = YES;
				CLANG_WARN_CONSTANT_CONVERSION = YES;
				CLANG_WARN_DEPRECATED_OBJC_IMPLEMENTATIONS = YES;
				CLANG_WARN_DIRECT_OBJC_ISA_USAGE = YES_ERROR;
				CLANG_WARN_DOCUMENTATION_COMMENTS = YES;
				CLANG_WARN_EMPTY_BODY = YES;
				CLANG_WARN_ENUM_CONVERSION = YES;
				CLANG_WARN_INFINITE_RECURSION = YES;
				CLANG_WARN_INT_CONVERSION = YES;
				CLANG_WARN_NON_LITERAL_NULL_CONVERSION = YES;
				CLANG_WARN_OBJC_IMPLICIT_RETAIN_SELF = YES;
				CLANG_WARN_OBJC_LITERAL_CONVERSION = YES;
				CLANG_WARN_OBJC_ROOT_CLASS = YES_ERROR;
				CLANG_WARN_RANGE_LOOP_ANALYSIS = YES;
				CLANG_WARN_STRICT_PROTOTYPES = YES;
				CLANG_WARN_SUSPICIOUS_MOVE = YES;
				CLANG_WARN_UNGUARDED_AVAILABILITY = YES_AGGRESSIVE;
				CLANG_WARN_UNREACHABLE_CODE = YES;
				CLANG_WARN__DUPLICATE_METHOD_MATCH = YES;
				CODE_SIGN_IDENTITY = "iPhone Developer";
				COPY_PHASE_STRIP = NO;
				DEBUG_INFORMATION_FORMAT = "dwarf-with-dsym";
				ENABLE_NS_ASSERTIONS = NO;
				ENABLE_STRICT_OBJC_MSGSEND = YES;
				GCC_C_LANGUAGE_STANDARD = gnu11;
				GCC_NO_COMMON_BLOCKS = YES;
				GCC_WARN_64_TO_32_BIT_CONVERSION = YES;
				GCC_WARN_ABOUT_RETURN_TYPE = YES_ERROR;
				GCC_WARN_UNDECLARED_SELECTOR = YES;
				GCC_WARN_UNINITIALIZED_AUTOS = YES_AGGRESSIVE;
				GCC_WARN_UNUSED_FUNCTION = YES;
				GCC_WARN_UNUSED_VARIABLE = YES;
				IPHONEOS_DEPLOYMENT_TARGET = 12.0;
				MTL_ENABLE_DEBUG_INFO = NO;
				MTL_FAST_MATH = YES;
				SDKROOT = iphoneos;
				SWIFT_COMPILATION_MODE = wholemodule;
				SWIFT_OPTIMIZATION_LEVEL = "-O";
				VALIDATE_PRODUCT = YES;
			};
			name = Release;
		};
		4D5622A922DB3DBF00CF8B7B /* Debug */ = {
			isa = XCBuildConfiguration;
			baseConfigurationReference = FF71D313F30CBF26FB3BD185 /* Pods-DigicelLoginPluginExample.debug.xcconfig */;
			buildSettings = {
				ASSETCATALOG_COMPILER_APPICON_NAME = AppIcon;
				CODE_SIGN_STYLE = Automatic;
				DEVELOPMENT_TEAM = 49M4HHM3X6;
				INFOPLIST_FILE = DigicelLoginPluginExample/Info.plist;
				LD_RUNPATH_SEARCH_PATHS = (
					"$(inherited)",
					"@executable_path/Frameworks",
				);
				PRODUCT_BUNDLE_IDENTIFIER = com.applicaster.DigicelLoginPluginExample;
				PRODUCT_NAME = "$(TARGET_NAME)";
				SWIFT_VERSION = 5.0;
				TARGETED_DEVICE_FAMILY = "1,2";
			};
			name = Debug;
		};
		4D5622AA22DB3DBF00CF8B7B /* Release */ = {
			isa = XCBuildConfiguration;
			baseConfigurationReference = 9F9D80E4EFE6062B4F0A8782 /* Pods-DigicelLoginPluginExample.release.xcconfig */;
			buildSettings = {
				ASSETCATALOG_COMPILER_APPICON_NAME = AppIcon;
				CODE_SIGN_STYLE = Automatic;
				DEVELOPMENT_TEAM = 49M4HHM3X6;
				INFOPLIST_FILE = DigicelLoginPluginExample/Info.plist;
				LD_RUNPATH_SEARCH_PATHS = (
					"$(inherited)",
					"@executable_path/Frameworks",
				);
				PRODUCT_BUNDLE_IDENTIFIER = com.applicaster.DigicelLoginPluginExample;
				PRODUCT_NAME = "$(TARGET_NAME)";
				SWIFT_VERSION = 5.0;
				TARGETED_DEVICE_FAMILY = "1,2";
			};
			name = Release;
		};
/* End XCBuildConfiguration section */

/* Begin XCConfigurationList section */
		4D56229122DB3DBE00CF8B7B /* Build configuration list for PBXProject "DigicelLoginPluginExample" */ = {
			isa = XCConfigurationList;
			buildConfigurations = (
				4D5622A622DB3DBF00CF8B7B /* Debug */,
				4D5622A722DB3DBF00CF8B7B /* Release */,
			);
			defaultConfigurationIsVisible = 0;
			defaultConfigurationName = Release;
		};
		4D5622A822DB3DBF00CF8B7B /* Build configuration list for PBXNativeTarget "DigicelLoginPluginExample" */ = {
			isa = XCConfigurationList;
			buildConfigurations = (
				4D5622A922DB3DBF00CF8B7B /* Debug */,
				4D5622AA22DB3DBF00CF8B7B /* Release */,
			);
			defaultConfigurationIsVisible = 0;
			defaultConfigurationName = Release;
		};
/* End XCConfigurationList section */
	};
	rootObject = 4D56228E22DB3DBE00CF8B7B /* Project object */;
}
